
Microsoft Visual Studio Solution File, Format Version 12.00
# Visual Studio 15
VisualStudioVersion = 15.0.27428.2005
MinimumVisualStudioVersion = 10.0.40219.1
Project("{FAE04EC0-301F-11D3-BF4B-00C04F79EFBC}") = "GiftApp", "GiftApp\GiftApp.csproj", "{3BA2F44D-1EE2-464F-BB7C-AC469EA28815}"
EndProject
Global
	GlobalSection(SolutionConfigurationPlatforms) = preSolution
		Debug|Any CPU = Debug|Any CPU
		Release|Any CPU = Release|Any CPU
	EndGlobalSection
	GlobalSection(ProjectConfigurationPlatforms) = postSolution
		{3BA2F44D-1EE2-464F-BB7C-AC469EA28815}.Debug|Any CPU.ActiveCfg = Debug|Any CPU
		{3BA2F44D-1EE2-464F-BB7C-AC469EA28815}.Debug|Any CPU.Build.0 = Debug|Any CPU
		{3BA2F44D-1EE2-464F-BB7C-AC469EA28815}.Release|Any CPU.ActiveCfg = Release|Any CPU
		{3BA2F44D-1EE2-464F-BB7C-AC469EA28815}.Release|Any CPU.Build.0 = Release|Any CPU
	EndGlobalSection
	GlobalSection(SolutionProperties) = preSolution
		HideSolutionNode = FALSE
	EndGlobalSection
	GlobalSection(ExtensibilityGlobals) = postSolution
		SolutionGuid = {0C0710F7-1CB6-4F44-9F65-C0D3221FCC6A}
	EndGlobalSection
EndGlobal
